
Microsoft Visual Studio Solution File, Format Version 12.00
# Visual Studio Version 17
VisualStudioVersion = 17.7.34031.279
MinimumVisualStudioVersion = 10.0.40219.1
Project("{9A19103F-16F7-4668-BE54-9A1E7A4F7556}") = "DogServices", "AWSServelessExd\DogServices.csproj", "{BF996C25-CFF2-4A8F-92A3-38CDE6F26AC9}"
EndProject
Global
	GlobalSection(SolutionConfigurationPlatforms) = preSolution
		Debug|Any CPU = Debug|Any CPU
		Release|Any CPU = Release|Any CPU
	EndGlobalSection
	GlobalSection(ProjectConfigurationPlatforms) = postSolution
		{BF996C25-CFF2-4A8F-92A3-38CDE6F26AC9}.Debug|Any CPU.ActiveCfg = Debug|Any CPU
		{BF996C25-CFF2-4A8F-92A3-38CDE6F26AC9}.Debug|Any CPU.Build.0 = Debug|Any CPU
		{BF996C25-CFF2-4A8F-92A3-38CDE6F26AC9}.Release|Any CPU.ActiveCfg = Release|Any CPU
		{BF996C25-CFF2-4A8F-92A3-38CDE6F26AC9}.Release|Any CPU.Build.0 = Release|Any CPU
	EndGlobalSection
	GlobalSection(SolutionProperties) = preSolution
		HideSolutionNode = FALSE
	EndGlobalSection
	GlobalSection(ExtensibilityGlobals) = postSolution
		SolutionGuid = {656A36FE-05EB-4F3D-95D5-354B9408B852}
	EndGlobalSection
EndGlobal
