
Microsoft Visual Studio Solution File, Format Version 12.00
# Visual Studio Version 17
VisualStudioVersion = 17.7.34031.279
MinimumVisualStudioVersion = 10.0.40219.1
Project("{FAE04EC0-301F-11D3-BF4B-00C04F79EFBC}") = "Ejemplo", "Ejemplo\src\Ejemplo\Ejemplo.csproj", "{BCAB7855-F4F3-4835-A1FC-FE0C26EBC68E}"
EndProject
Global
	GlobalSection(SolutionConfigurationPlatforms) = preSolution
		Debug|Any CPU = Debug|Any CPU
		Release|Any CPU = Release|Any CPU
	EndGlobalSection
	GlobalSection(ProjectConfigurationPlatforms) = postSolution
		{BCAB7855-F4F3-4835-A1FC-FE0C26EBC68E}.Debug|Any CPU.ActiveCfg = Debug|Any CPU
		{BCAB7855-F4F3-4835-A1FC-FE0C26EBC68E}.Debug|Any CPU.Build.0 = Debug|Any CPU
		{BCAB7855-F4F3-4835-A1FC-FE0C26EBC68E}.Release|Any CPU.ActiveCfg = Release|Any CPU
		{BCAB7855-F4F3-4835-A1FC-FE0C26EBC68E}.Release|Any CPU.Build.0 = Release|Any CPU
	EndGlobalSection
	GlobalSection(SolutionProperties) = preSolution
		HideSolutionNode = FALSE
	EndGlobalSection
	GlobalSection(ExtensibilityGlobals) = postSolution
		SolutionGuid = {DDC5A624-5833-4840-A07B-8DF2A164DE8C}
	EndGlobalSection
EndGlobal
